Microsoft Visual Studio Solution File, Format Version 12.00
# Visual Studio Version 17
VisualStudioVersion = 17.5.2.0
MinimumVisualStudioVersion = 10.0.40219.1
Project("{2150E333-8FDC-42A3-9474-1A3956D46DE8}") = "CustomerService", "CustomerService", "{2FA8F305-DE38-4927-6B72-6521E67971D8}"
EndProject
Project("{FAE04EC0-301F-11D3-BF4B-00C04F79EFBC}") = "CustomerService.Api", "CustomerService\CustomerService.Api\CustomerService.Api.csproj", "{B10B4CE1-1EC6-1B08-1171-83B1F4065998}"
EndProject
Project("{2150E333-8FDC-42A3-9474-1A3956D46DE8}") = "CustomerService.Api (1)", "CustomerService.Api (1)", "{C4A6CD25-AEAD-D106-EDDF-11B855CAACEE}"
EndProject
Project("{FAE04EC0-301F-11D3-BF4B-00C04F79EFBC}") = "CustomerService.Api", "CustomerService\CustomerService.Api\CustomerService.Api\CustomerService.Api.csproj", "{D1B479DA-9DE1-2654-75F7-D559B36BC37A}"
EndProject
Global
	GlobalSection(SolutionConfigurationPlatforms) = preSolution
		Debug|Any CPU = Debug|Any CPU
		Release|Any CPU = Release|Any CPU
	EndGlobalSection
	GlobalSection(ProjectConfigurationPlatforms) = postSolution
		{B10B4CE1-1EC6-1B08-1171-83B1F4065998}.Debug|Any CPU.ActiveCfg = Debug|Any CPU
		{B10B4CE1-1EC6-1B08-1171-83B1F4065998}.Debug|Any CPU.Build.0 = Debug|Any CPU
		{B10B4CE1-1EC6-1B08-1171-83B1F4065998}.Release|Any CPU.ActiveCfg = Release|Any CPU
		{B10B4CE1-1EC6-1B08-1171-83B1F4065998}.Release|Any CPU.Build.0 = Release|Any CPU
		{D1B479DA-9DE1-2654-75F7-D559B36BC37A}.Debug|Any CPU.ActiveCfg = Debug|Any CPU
		{D1B479DA-9DE1-2654-75F7-D559B36BC37A}.Debug|Any CPU.Build.0 = Debug|Any CPU
		{D1B479DA-9DE1-2654-75F7-D559B36BC37A}.Release|Any CPU.ActiveCfg = Release|Any CPU
		{D1B479DA-9DE1-2654-75F7-D559B36BC37A}.Release|Any CPU.Build.0 = Release|Any CPU
	EndGlobalSection
	GlobalSection(SolutionProperties) = preSolution
		HideSolutionNode = FALSE
	EndGlobalSection
	GlobalSection(NestedProjects) = preSolution
		{B10B4CE1-1EC6-1B08-1171-83B1F4065998} = {2FA8F305-DE38-4927-6B72-6521E67971D8}
		{C4A6CD25-AEAD-D106-EDDF-11B855CAACEE} = {2FA8F305-DE38-4927-6B72-6521E67971D8}
		{D1B479DA-9DE1-2654-75F7-D559B36BC37A} = {C4A6CD25-AEAD-D106-EDDF-11B855CAACEE}
	EndGlobalSection
	GlobalSection(ExtensibilityGlobals) = postSolution
		SolutionGuid = {78166E99-4333-453E-A302-64E4B034F235}
	EndGlobalSection
EndGlobal
